{
  "name": "foundry-toolkit-changelog-site",
  "version": "1.0.0",
  "lockfileVersion": 3,
  "requires": true,
  "packages": {
    "": {
      "name": "foundry-toolkit-changelog-site",
      "version": "1.0.0",
      "dependencies": {
        "marked": "^15.0.7"
      }
    },
    "node_modules/marked": {
      "version": "15.0.12",
      "resolved": "https://ms-feed-25.pkgs.visualstudio.com/1es-public/_packaging/npm-public/npm/registry/marked/-/marked-15.0.12.tgz",
      "integrity": "sha1-MHIsc0bhLQotAgermwxPAQLYbE4=",
      "license": "MIT",
      "bin": {
        "marked": "bin/marked.js"
      },
      "engines": {
        "node": ">= 18"
      }
    }
  }
}
